
Microsoft Visual Studio Solution File, Format Version 12.00
# Visual Studio Version 17
VisualStudioVersion = 17.7.34031.279
MinimumVisualStudioVersion = 10.0.40219.1
Project("{FAE04EC0-301F-11D3-BF4B-00C04F79EFBC}") = "FrogJmp", "FrogJmp.csproj", "{CC1AE722-1ABA-4F36-892D-EAC5FB29C15A}"
EndProject
Global
	GlobalSection(SolutionConfigurationPlatforms) = preSolution
		Debug|Any CPU = Debug|Any CPU
		Release|Any CPU = Release|Any CPU
	EndGlobalSection
	GlobalSection(ProjectConfigurationPlatforms) = postSolution
		{CC1AE722-1ABA-4F36-892D-EAC5FB29C15A}.Debug|Any CPU.ActiveCfg = Debug|Any CPU
		{CC1AE722-1ABA-4F36-892D-EAC5FB29C15A}.Debug|Any CPU.Build.0 = Debug|Any CPU
		{CC1AE722-1ABA-4F36-892D-EAC5FB29C15A}.Release|Any CPU.ActiveCfg = Release|Any CPU
		{CC1AE722-1ABA-4F36-892D-EAC5FB29C15A}.Release|Any CPU.Build.0 = Release|Any CPU
	EndGlobalSection
	GlobalSection(SolutionProperties) = preSolution
		HideSolutionNode = FALSE
	EndGlobalSection
	GlobalSection(ExtensibilityGlobals) = postSolution
		SolutionGuid = {FCFF2765-73A2-4CE0-BEFD-EAA691D6E0B7}
	EndGlobalSection
EndGlobal
